
Microsoft Visual Studio Solution File, Format Version 12.00
# Visual Studio Version 16
VisualStudioVersion = 16.0.30204.135
MinimumVisualStudioVersion = 10.0.40219.1
Project("{FAE04EC0-301F-11D3-BF4B-00C04F79EFBC}") = "ArtistLyrics.Core", "src\ArtistLyrics.Core\ArtistLyrics.Core.csproj", "{2E04F48F-FD15-4C25-B08A-05B8CC7C9D4D}"
EndProject
Project("{FAE04EC0-301F-11D3-BF4B-00C04F79EFBC}") = "ArtistLyrics.Core.Tests", "tests\ArtistLyrics.Core.Tests\ArtistLyrics.Core.Tests.csproj", "{ECA9C347-943D-48DE-BCA6-5FBEE1DEFE66}"
EndProject
Project("{9A19103F-16F7-4668-BE54-9A1E7A4F7556}") = "ArtistLyrics", "src\ArtistLyrics\ArtistLyrics.csproj", "{17C7BD41-D303-4C5B-BDED-6386F8894660}"
EndProject
Global
	GlobalSection(SolutionConfigurationPlatforms) = preSolution
		Debug|Any CPU = Debug|Any CPU
		Release|Any CPU = Release|Any CPU
	EndGlobalSection
	GlobalSection(ProjectConfigurationPlatforms) = postSolution
		{2E04F48F-FD15-4C25-B08A-05B8CC7C9D4D}.Debug|Any CPU.ActiveCfg = Debug|Any CPU
		{2E04F48F-FD15-4C25-B08A-05B8CC7C9D4D}.Debug|Any CPU.Build.0 = Debug|Any CPU
		{2E04F48F-FD15-4C25-B08A-05B8CC7C9D4D}.Release|Any CPU.ActiveCfg = Release|Any CPU
		{2E04F48F-FD15-4C25-B08A-05B8CC7C9D4D}.Release|Any CPU.Build.0 = Release|Any CPU
		{ECA9C347-943D-48DE-BCA6-5FBEE1DEFE66}.Debug|Any CPU.ActiveCfg = Debug|Any CPU
		{ECA9C347-943D-48DE-BCA6-5FBEE1DEFE66}.Debug|Any CPU.Build.0 = Debug|Any CPU
		{ECA9C347-943D-48DE-BCA6-5FBEE1DEFE66}.Release|Any CPU.ActiveCfg = Release|Any CPU
		{ECA9C347-943D-48DE-BCA6-5FBEE1DEFE66}.Release|Any CPU.Build.0 = Release|Any CPU
		{17C7BD41-D303-4C5B-BDED-6386F8894660}.Debug|Any CPU.ActiveCfg = Debug|Any CPU
		{17C7BD41-D303-4C5B-BDED-6386F8894660}.Debug|Any CPU.Build.0 = Debug|Any CPU
		{17C7BD41-D303-4C5B-BDED-6386F8894660}.Release|Any CPU.ActiveCfg = Release|Any CPU
		{17C7BD41-D303-4C5B-BDED-6386F8894660}.Release|Any CPU.Build.0 = Release|Any CPU
	EndGlobalSection
	GlobalSection(SolutionProperties) = preSolution
		HideSolutionNode = FALSE
	EndGlobalSection
	GlobalSection(ExtensibilityGlobals) = postSolution
		SolutionGuid = {2BB329E0-5579-433F-8E09-6505BF227F09}
	EndGlobalSection
EndGlobal
